
Microsoft Visual Studio Solution File, Format Version 12.00
Project("{FAE04EC0-301F-11D3-BF4B-00C04F79EFBC}") = "PizzariaNET", "PizzariaNET\PizzariaNET.csproj", "{AA55825F-D714-4A85-A082-FA8F8A2C3AEC}"
EndProject
Global
	GlobalSection(SolutionConfigurationPlatforms) = preSolution
		Debug|Any CPU = Debug|Any CPU
		Release|Any CPU = Release|Any CPU
	EndGlobalSection
	GlobalSection(ProjectConfigurationPlatforms) = postSolution
		{AA55825F-D714-4A85-A082-FA8F8A2C3AEC}.Debug|Any CPU.ActiveCfg = Debug|Any CPU
		{AA55825F-D714-4A85-A082-FA8F8A2C3AEC}.Debug|Any CPU.Build.0 = Debug|Any CPU
		{AA55825F-D714-4A85-A082-FA8F8A2C3AEC}.Release|Any CPU.ActiveCfg = Release|Any CPU
		{AA55825F-D714-4A85-A082-FA8F8A2C3AEC}.Release|Any CPU.Build.0 = Release|Any CPU
	EndGlobalSection
EndGlobal
